{
  "name": "main",
  "version": "1.0.0",
  "lockfileVersion": 1,
  "requires": true,
  "dependencies": {
    "@fortawesome/fontawesome-free": {
      "version": "5.13.0",
      "resolved": "https://registry.npmjs.org/@fortawesome/fontawesome-free/-/fontawesome-free-5.13.0.tgz",
      "integrity": "sha512-xKOeQEl5O47GPZYIMToj6uuA2syyFlq9EMSl2ui0uytjY9xbe8XS0pexNWmxrdcCyNGyDmLyYw5FtKsalBUeOg=="
    },
    "adler-32": {
      "version": "1.2.0",
      "resolved": "https://registry.npmjs.org/adler-32/-/adler-32-1.2.0.tgz",
      "integrity": "sha1-aj5r8KY5ALoVZSgIyxXGgT0aXyU=",
      "requires": {
        "exit-on-epipe": "~1.0.1",
        "printj": "~1.1.0"
      }
    },
    "bootstrap": {
      "version": "4.5.0",
      "resolved": "https://registry.npmjs.org/bootstrap/-/bootstrap-4.5.0.tgz",
      "integrity": "sha512-Z93QoXvodoVslA+PWNdk23Hze4RBYIkpb5h8I2HY2Tu2h7A0LpAgLcyrhrSUyo2/Oxm2l1fRZPs1e5hnxnliXA=="
    },
    "cfb": {
      "version": "1.1.4",
      "resolved": "https://registry.npmjs.org/cfb/-/cfb-1.1.4.tgz",
      "integrity": "sha512-rwFkl3aFO3f+ljR27YINwC0x8vPjyiEVbYbrTCKzspEf7Q++3THdfHVgJYNUbxNcupJECrLX+L40Mjm9hm/Bgw==",
      "requires": {
        "adler-32": "~1.2.0",
        "commander": "^2.16.0",
        "crc-32": "~1.2.0",
        "printj": "~1.1.2"
      }
    },
    "codepage": {
      "version": "1.14.0",
      "resolved": "https://registry.npmjs.org/codepage/-/codepage-1.14.0.tgz",
      "integrity": "sha1-jL4lSBMjVZ19MHVxsP/5HnodL5k=",
      "requires": {
        "commander": "~2.14.1",
        "exit-on-epipe": "~1.0.1"
      },
      "dependencies": {
        "commander": {
          "version": "2.14.1",
          "resolved": "https://registry.npmjs.org/commander/-/commander-2.14.1.tgz",
          "integrity": "sha512-+YR16o3rK53SmWHU3rEM3tPAh2rwb1yPcQX5irVn7mb0gXbwuCCrnkbV5+PBfETdfg1vui07nM6PCG1zndcjQw=="
        }
      }
    },
    "commander": {
      "version": "2.17.1",
      "resolved": "https://registry.npmjs.org/commander/-/commander-2.17.1.tgz",
      "integrity": "sha512-wPMUt6FnH2yzG95SA6mzjQOEKUU3aLaDEmzs1ti+1E9h+CsrZghRlqEM/EJ4KscsQVG8uNN4uVreUeT8+drlgg=="
    },
    "crc-32": {
      "version": "1.2.0",
      "resolved": "https://registry.npmjs.org/crc-32/-/crc-32-1.2.0.tgz",
      "integrity": "sha512-1uBwHxF+Y/4yF5G48fwnKq6QsIXheor3ZLPT80yGBV1oEUwpPojlEhQbWKVw1VwcTQyMGHK1/XMmTjmlsmTTGA==",
      "requires": {
        "exit-on-epipe": "~1.0.1",
        "printj": "~1.1.0"
      }
    },
    "dom7": {
      "version": "2.1.5",
      "resolved": "https://registry.npmjs.org/dom7/-/dom7-2.1.5.tgz",
      "integrity": "sha512-xnhwVgyOh3eD++/XGtH+5qBwYTgCm0aW91GFgPJ3XG+jlsRLyJivnbP0QmUBFhI+Oaz9FV0s7cxgXHezwOEBYA==",
      "requires": {
        "ssr-window": "^2.0.0"
      }
    },
    "exit-on-epipe": {
      "version": "1.0.1",
      "resolved": "https://registry.npmjs.org/exit-on-epipe/-/exit-on-epipe-1.0.1.tgz",
      "integrity": "sha512-h2z5mrROTxce56S+pnvAV890uu7ls7f1kEvVGJbw1OlFH3/mlJ5bkXu0KRyW94v37zzHPiUd55iLn3DA7TjWpw=="
    },
    "frac": {
      "version": "1.1.2",
      "resolved": "https://registry.npmjs.org/frac/-/frac-1.1.2.tgz",
      "integrity": "sha512-w/XBfkibaTl3YDqASwfDUqkna4Z2p9cFSr1aHDt0WoMTECnRfBOv2WArlZILlqgWlmdIlALXGpM2AOhEk5W3IA=="
    },
    "ipinyinjs": {
      "version": "1.0.0",
      "resolved": "https://registry.npmjs.org/ipinyinjs/-/ipinyinjs-1.0.0.tgz",
      "integrity": "sha1-NlEy7jIB6ncjQigicCXTpDE6q34="
    },
    "mustache": {
      "version": "3.2.1",
      "resolved": "https://registry.npmjs.org/mustache/-/mustache-3.2.1.tgz",
      "integrity": "sha512-RERvMFdLpaFfSRIEe632yDm5nsd0SDKn8hGmcUwswnyiE5mtdZLDybtHAz6hjJhawokF0hXvGLtx9mrQfm6FkA=="
    },
    "printj": {
      "version": "1.1.2",
      "resolved": "https://registry.npmjs.org/printj/-/printj-1.1.2.tgz",
      "integrity": "sha512-zA2SmoLaxZyArQTOPj5LXecR+RagfPSU5Kw1qP+jkWeNlrq+eJZyY2oS68SU1Z/7/myXM4lo9716laOFAVStCQ=="
    },
    "ssf": {
      "version": "0.10.3",
      "resolved": "https://registry.npmjs.org/ssf/-/ssf-0.10.3.tgz",
      "integrity": "sha512-pRuUdW0WwyB2doSqqjWyzwCD6PkfxpHAHdZp39K3dp/Hq7f+xfMwNAWIi16DyrRg4gg9c/RvLYkJTSawTPTm1w==",
      "requires": {
        "frac": "~1.1.2"
      }
    },
    "ssr-window": {
      "version": "2.0.0",
      "resolved": "https://registry.npmjs.org/ssr-window/-/ssr-window-2.0.0.tgz",
      "integrity": "sha512-NXzN+/HPObKAx191H3zKlYomE5WrVIkoCB5IaSdvKokxTpjBdWfr0RaP+1Z5KOfDT0ZVz+2tdtiBkhsEQ9p+0A=="
    },
    "swiper": {
      "version": "5.4.1",
      "resolved": "https://registry.npmjs.org/swiper/-/swiper-5.4.1.tgz",
      "integrity": "sha512-l2EiWe7uOXB2EBMVLtJqn51FW22wF9e24WETT+S+tuFNvSDq1gadc/hyGGsAMqFGKJKIO6q6cqk7ToVaOI+onw==",
      "requires": {
        "dom7": "^2.1.5",
        "ssr-window": "^2.0.0"
      }
    },
    "vue": {
      "version": "2.6.11",
      "resolved": "https://registry.npmjs.org/vue/-/vue-2.6.11.tgz",
      "integrity": "sha512-VfPwgcGABbGAue9+sfrD4PuwFar7gPb1yl1UK1MwXoQPAw0BKSqWfoYCT/ThFrdEVWoI51dBuyCoiNU9bZDZxQ=="
    },
    "xlsx": {
      "version": "0.14.5",
      "resolved": "https://registry.npmjs.org/xlsx/-/xlsx-0.14.5.tgz",
      "integrity": "sha512-s/5f4/mjeWREmIWZ+HtDfh/rnz51ar+dZ4LWKZU3u9VBx2zLdSIWTdXgoa52/pnZ9Oe/Vu1W1qzcKzLVe+lq4w==",
      "requires": {
        "adler-32": "~1.2.0",
        "cfb": "^1.1.2",
        "codepage": "~1.14.0",
        "commander": "~2.17.1",
        "crc-32": "~1.2.0",
        "exit-on-epipe": "~1.0.1",
        "ssf": "~0.10.2"
      }
    }
  }
}
